// !$*UTF8*$!
{
	archiveVersion = 1;
	classes = {
	};
	objectVersion = 46;
	objects = {

/* Begin PBXBuildFile section */
		844ECC74191B8EC300C34CA4 /* QuizzesOverview.m in Sources */ = {isa = PBXBuildFile; fileRef = 844ECC73191B8EC300C34CA4 /* QuizzesOverview.m */; };
		844ECC77191B903300C34CA4 /* DiscussionsOverview.m in Sources */ = {isa = PBXBuildFile; fileRef = 844ECC76191B903300C34CA4 /* DiscussionsOverview.m */; };
		844ECC7A191B91A600C34CA4 /* DiscussionScreen.m in Sources */ = {isa = PBXBuildFile; fileRef = 844ECC79191B91A600C34CA4 /* DiscussionScreen.m */; };
		8461F89A1924C90A00884C2F /* TopNavigationController.m in Sources */ = {isa = PBXBuildFile; fileRef = 8461F8991924C90A00884C2F /* TopNavigationController.m */; };
		84AA520C191B896400602164 /* CourseChoiceScreen.m in Sources */ = {isa = PBXBuildFile; fileRef = 84AA520B191B896400602164 /* CourseChoiceScreen.m */; };
		84AA520F191B8A0400602164 /* VideoScreen.m in Sources */ = {isa = PBXBuildFile; fileRef = 84AA520E191B8A0400602164 /* VideoScreen.m */; };
		84AA5212191B8A1000602164 /* MagazineScreen.m in Sources */ = {isa = PBXBuildFile; fileRef = 84AA5211191B8A1000602164 /* MagazineScreen.m */; };
		84C52DB91924618F0092C288 /* customer@2x.png in Resources */ = {isa = PBXBuildFile; fileRef = 84C52DB21924618F0092C288 /* customer@2x.png */; };
		84C52DBA1924618F0092C288 /* doge@2x.png in Resources */ = {isa = PBXBuildFile; fileRef = 84C52DB31924618F0092C288 /* doge@2x.png */; };
		84C52DBB1924618F0092C288 /* management@2x.png in Resources */ = {isa = PBXBuildFile; fileRef = 84C52DB41924618F0092C288 /* management@2x.png */; };
		84C52DBC1924618F0092C288 /* omdenken@2x.png in Resources */ = {isa = PBXBuildFile; fileRef = 84C52DB51924618F0092C288 /* omdenken@2x.png */; };
		84C52DBD1924618F0092C288 /* powerpoint@2x.png in Resources */ = {isa = PBXBuildFile; fileRef = 84C52DB61924618F0092C288 /* powerpoint@2x.png */; };
		84C52DBE1924618F0092C288 /* selling@2x.png in Resources */ = {isa = PBXBuildFile; fileRef = 84C52DB71924618F0092C288 /* selling@2x.png */; };
		84C52DBF1924618F0092C288 /* telefoneren@2x.png in Resources */ = {isa = PBXBuildFile; fileRef = 84C52DB81924618F0092C288 /* telefoneren@2x.png */; };
		84C7DBC919243F440036690C /* CoursesOverviewTableViewCell.m in Sources */ = {isa = PBXBuildFile; fileRef = 84C7DBC819243F440036690C /* CoursesOverviewTableViewCell.m */; };
		84D782C1191B5D15004D008A /* Foundation.framework in Frameworks */ = {isa = PBXBuildFile; fileRef = 84D782C0191B5D15004D008A /* Foundation.framework */; };
		84D782C3191B5D15004D008A /* CoreGraphics.framework in Frameworks */ = {isa = PBXBuildFile; fileRef = 84D782C2191B5D15004D008A /* CoreGraphics.framework */; };
		84D782C5191B5D15004D008A /* UIKit.framework in Frameworks */ = {isa = PBXBuildFile; fileRef = 84D782C4191B5D15004D008A /* UIKit.framework */; };
		84D782CB191B5D15004D008A /* InfoPlist.strings in Resources */ = {isa = PBXBuildFile; fileRef = 84D782C9191B5D15004D008A /* InfoPlist.strings */; };
		84D782CD191B5D15004D008A /* main.m in Sources */ = {isa = PBXBuildFile; fileRef = 84D782CC191B5D15004D008A /* main.m */; };
		84D782D1191B5D15004D008A /* AppDelegate.m in Sources */ = {isa = PBXBuildFile; fileRef = 84D782D0191B5D15004D008A /* AppDelegate.m */; };
		84D782D4191B5D15004D008A /* Main.storyboard in Resources */ = {isa = PBXBuildFile; fileRef = 84D782D2191B5D15004D008A /* Main.storyboard */; };
		84D782D9191B5D15004D008A /* Images.xcassets in Resources */ = {isa = PBXBuildFile; fileRef = 84D782D8191B5D15004D008A /* Images.xcassets */; };
		84D782E0191B5D15004D008A /* XCTest.framework in Frameworks */ = {isa = PBXBuildFile; fileRef = 84D782DF191B5D15004D008A /* XCTest.framework */; };
		84D782E1191B5D15004D008A /* Foundation.framework in Frameworks */ = {isa = PBXBuildFile; fileRef = 84D782C0191B5D15004D008A /* Foundation.framework */; };
		84D782E2191B5D15004D008A /* UIKit.framework in Frameworks */ = {isa = PBXBuildFile; fileRef = 84D782C4191B5D15004D008A /* UIKit.framework */; };
		84D782EA191B5D15004D008A /* InfoPlist.strings in Resources */ = {isa = PBXBuildFile; fileRef = 84D782E8191B5D15004D008A /* InfoPlist.strings */; };
		84D782EC191B5D15004D008A /* TimeToLearnTests.m in Sources */ = {isa = PBXBuildFile; fileRef = 84D782EB191B5D15004D008A /* TimeToLearnTests.m */; };
		84D782F7191B5F59004D008A /* LoginScreen.m in Sources */ = {isa = PBXBuildFile; fileRef = 84D782F6191B5F59004D008A /* LoginScreen.m */; };
		84D782FD191B5FC3004D008A /* CourseScreen.m in Sources */ = {isa = PBXBuildFile; fileRef = 84D782FC191B5FC3004D008A /* CourseScreen.m */; };
		84D78303191B601E004D008A /* QuestionScreen.m in Sources */ = {isa = PBXBuildFile; fileRef = 84D78302191B601E004D008A /* QuestionScreen.m */; };
		84D78306191B6031004D008A /* AnswerScreen.m in Sources */ = {isa = PBXBuildFile; fileRef = 84D78305191B6031004D008A /* AnswerScreen.m */; };
		84DEDDB2191B8615000ABCF1 /* CourseInformationScreen.m in Sources */ = {isa = PBXBuildFile; fileRef = 84DEDDB1191B8615000ABCF1 /* CourseInformationScreen.m */; };
		84E17FFC1924B9F1001E13FB /* Bericht.m in Sources */ = {isa = PBXBuildFile; fileRef = 84E17FF51924B9F1001E13FB /* Bericht.m */; };
		84E17FFD1924B9F1001E13FB /* Cursus.m in Sources */ = {isa = PBXBuildFile; fileRef = 84E17FF71924B9F1001E13FB /* Cursus.m */; };
		84E17FFE1924B9F1001E13FB /* Vraag.m in Sources */ = {isa = PBXBuildFile; fileRef = 84E17FF91924B9F1001E13FB /* Vraag.m */; };
		84E17FFF1924B9F1001E13FB /* VraagOptie.m in Sources */ = {isa = PBXBuildFile; fileRef = 84E17FFB1924B9F1001E13FB /* VraagOptie.m */; };
		84E180021924BA0F001E13FB /* Gebruiker.m in Sources */ = {isa = PBXBuildFile; fileRef = 84E180011924BA0F001E13FB /* Gebruiker.m */; };
		84E180181924C4B7001E13FB /* AFHTTPRequestOperation.m in Sources */ = {isa = PBXBuildFile; fileRef = 84E180061924C4B7001E13FB /* AFHTTPRequestOperation.m */; };
		84E180191924C4B7001E13FB /* AFHTTPRequestOperationManager.m in Sources */ = {isa = PBXBuildFile; fileRef = 84E180081924C4B7001E13FB /* AFHTTPRequestOperationManager.m */; };
		84E1801A1924C4B7001E13FB /* AFHTTPSessionManager.m in Sources */ = {isa = PBXBuildFile; fileRef = 84E1800A1924C4B7001E13FB /* AFHTTPSessionManager.m */; };
		84E1801B1924C4B7001E13FB /* AFNetworkReachabilityManager.m in Sources */ = {isa = PBXBuildFile; fileRef = 84E1800D1924C4B7001E13FB /* AFNetworkReachabilityManager.m */; };
		84E1801C1924C4B7001E13FB /* AFSecurityPolicy.m in Sources */ = {isa = PBXBuildFile; fileRef = 84E1800F1924C4B7001E13FB /* AFSecurityPolicy.m */; };
		84E1801D1924C4B7001E13FB /* AFURLConnectionOperation.m in Sources */ = {isa = PBXBuildFile; fileRef = 84E180111924C4B7001E13FB /* AFURLConnectionOperation.m */; };
		84E1801E1924C4B7001E13FB /* AFURLRequestSerialization.m in Sources */ = {isa = PBXBuildFile; fileRef = 84E180131924C4B7001E13FB /* AFURLRequestSerialization.m */; };
		84E1801F1924C4B7001E13FB /* AFURLResponseSerialization.m in Sources */ = {isa = PBXBuildFile; fileRef = 84E180151924C4B7001E13FB /* AFURLResponseSerialization.m */; };
		84E180201924C4B7001E13FB /* AFURLSessionManager.m in Sources */ = {isa = PBXBuildFile; fileRef = 84E180171924C4B7001E13FB /* AFURLSessionManager.m */; };
		84F2141E1924323500684158 /* CoursesOverview.m in Sources */ = {isa = PBXBuildFile; fileRef = 84F2141D1924323500684158 /* CoursesOverview.m */; };
		F566AFC01924D1E3002EF722 /* NotificationScreen.m in Sources */ = {isa = PBXBuildFile; fileRef = F566AFBF1924D1E3002EF722 /* NotificationScreen.m */; };
/* End PBXBuildFile section */

/* Begin PBXContainerItemProxy section */
		84D782E3191B5D15004D008A /* PBXContainerItemProxy */ = {
			isa = PBXContainerItemProxy;
			containerPortal = 84D782B5191B5D15004D008A /* Project object */;
			proxyType = 1;
			remoteGlobalIDString = 84D782BC191B5D15004D008A;
			remoteInfo = TimeToLearn;
		};
/* End PBXContainerItemProxy section */

/* Begin PBXFileReference section */
		844ECC72191B8EC300C34CA4 /* QuizzesOverview.h */ = {isa = PBXFileReference; fileEncoding = 4; lastKnownFileType = sourcecode.c.h; path = QuizzesOverview.h; sourceTree = "<group>"; };
		844ECC73191B8EC300C34CA4 /* QuizzesOverview.m */ = {isa = PBXFileReference; fileEncoding = 4; lastKnownFileType = sourcecode.c.objc; path = QuizzesOverview.m; sourceTree = "<group>"; };
		844ECC75191B903300C34CA4 /* DiscussionsOverview.h */ = {isa = PBXFileReference; fileEncoding = 4; lastKnownFileType = sourcecode.c.h; path = DiscussionsOverview.h; sourceTree = "<group>"; };
		844ECC76191B903300C34CA4 /* DiscussionsOverview.m */ = {isa = PBXFileReference; fileEncoding = 4; lastKnownFileType = sourcecode.c.objc; path = DiscussionsOverview.m; sourceTree = "<group>"; };
		844ECC78191B91A600C34CA4 /* DiscussionScreen.h */ = {isa = PBXFileReference; fileEncoding = 4; lastKnownFileType = sourcecode.c.h; path = DiscussionScreen.h; sourceTree = "<group>"; };
		844ECC79191B91A600C34CA4 /* DiscussionScreen.m */ = {isa = PBXFileReference; fileEncoding = 4; lastKnownFileType = sourcecode.c.objc; path = DiscussionScreen.m; sourceTree = "<group>"; };
		8452E99319269F050078E399 /* Objects.h */ = {isa = PBXFileReference; lastKnownFileType = sourcecode.c.h; path = Objects.h; sourceTree = "<group>"; };
		8461F8981924C90A00884C2F /* TopNavigationController.h */ = {isa = PBXFileReference; fileEncoding = 4; lastKnownFileType = sourcecode.c.h; name = TopNavigationController.h; path = ../TopNavigationController.h; sourceTree = "<group>"; };
		8461F8991924C90A00884C2F /* TopNavigationController.m */ = {isa = PBXFileReference; fileEncoding = 4; lastKnownFileType = sourcecode.c.objc; name = TopNavigationController.m; path = ../TopNavigationController.m; sourceTree = "<group>"; };
		84AA520A191B896400602164 /* CourseChoiceScreen.h */ = {isa = PBXFileReference; fileEncoding = 4; lastKnownFileType = sourcecode.c.h; path = CourseChoiceScreen.h; sourceTree = "<group>"; };
		84AA520B191B896400602164 /* CourseChoiceScreen.m */ = {isa = PBXFileReference; fileEncoding = 4; lastKnownFileType = sourcecode.c.objc; path = CourseChoiceScreen.m; sourceTree = "<group>"; };
		84AA520D191B8A0400602164 /* VideoScreen.h */ = {isa = PBXFileReference; fileEncoding = 4; lastKnownFileType = sourcecode.c.h; path = VideoScreen.h; sourceTree = "<group>"; };
		84AA520E191B8A0400602164 /* VideoScreen.m */ = {isa = PBXFileReference; fileEncoding = 4; lastKnownFileType = sourcecode.c.objc; path = VideoScreen.m; sourceTree = "<group>"; };
		84AA5210191B8A1000602164 /* MagazineScreen.h */ = {isa = PBXFileReference; fileEncoding = 4; lastKnownFileType = sourcecode.c.h; path = MagazineScreen.h; sourceTree = "<group>"; };
		84AA5211191B8A1000602164 /* MagazineScreen.m */ = {isa = PBXFileReference; fileEncoding = 4; lastKnownFileType = sourcecode.c.objc; path = MagazineScreen.m; sourceTree = "<group>"; };
		84C52DB21924618F0092C288 /* customer@2x.png */ = {isa = PBXFileReference; lastKnownFileType = image.png; path = "customer@2x.png"; sourceTree = "<group>"; };
		84C52DB31924618F0092C288 /* doge@2x.png */ = {isa = PBXFileReference; lastKnownFileType = image.png; path = "doge@2x.png"; sourceTree = "<group>"; };
		84C52DB41924618F0092C288 /* management@2x.png */ = {isa = PBXFileReference; lastKnownFileType = image.png; path = "management@2x.png"; sourceTree = "<group>"; };
		84C52DB51924618F0092C288 /* omdenken@2x.png */ = {isa = PBXFileReference; lastKnownFileType = image.png; path = "omdenken@2x.png"; sourceTree = "<group>"; };
		84C52DB61924618F0092C288 /* powerpoint@2x.png */ = {isa = PBXFileReference; lastKnownFileType = image.png; path = "powerpoint@2x.png"; sourceTree = "<group>"; };
		84C52DB71924618F0092C288 /* selling@2x.png */ = {isa = PBXFileReference; lastKnownFileType = image.png; path = "selling@2x.png"; sourceTree = "<group>"; };
		84C52DB81924618F0092C288 /* telefoneren@2x.png */ = {isa = PBXFileReference; lastKnownFileType = image.png; path = "telefoneren@2x.png"; sourceTree = "<group>"; };
		84C7DBC719243F440036690C /* CoursesOverviewTableViewCell.h */ = {isa = PBXFileReference; fileEncoding = 4; lastKnownFileType = sourcecode.c.h; path = CoursesOverviewTableViewCell.h; sourceTree = "<group>"; };
		84C7DBC819243F440036690C /* CoursesOverviewTableViewCell.m */ = {isa = PBXFileReference; fileEncoding = 4; lastKnownFileType = sourcecode.c.objc; path = CoursesOverviewTableViewCell.m; sourceTree = "<group>"; };
		84D782BD191B5D15004D008A /* TimeToLearn.app */ = {isa = PBXFileReference; explicitFileType = wrapper.application; includeInIndex = 0; path = TimeToLearn.app; sourceTree = BUILT_PRODUCTS_DIR; };
		84D782C0191B5D15004D008A /* Foundation.framework */ = {isa = PBXFileReference; lastKnownFileType = wrapper.framework; name = Foundation.framework; path = System/Library/Frameworks/Foundation.framework; sourceTree = SDKROOT; };
		84D782C2191B5D15004D008A /* CoreGraphics.framework */ = {isa = PBXFileReference; lastKnownFileType = wrapper.framework; name = CoreGraphics.framework; path = System/Library/Frameworks/CoreGraphics.framework; sourceTree = SDKROOT; };
		84D782C4191B5D15004D008A /* UIKit.framework */ = {isa = PBXFileReference; lastKnownFileType = wrapper.framework; name = UIKit.framework; path = System/Library/Frameworks/UIKit.framework; sourceTree = SDKROOT; };
		84D782C8191B5D15004D008A /* TimeToLearn-Info.plist */ = {isa = PBXFileReference; lastKnownFileType = text.plist.xml; path = "TimeToLearn-Info.plist"; sourceTree = "<group>"; };
		84D782CA191B5D15004D008A /* en */ = {isa = PBXFileReference; lastKnownFileType = text.plist.strings; name = en; path = en.lproj/InfoPlist.strings; sourceTree = "<group>"; };
		84D782CC191B5D15004D008A /* main.m */ = {isa = PBXFileReference; lastKnownFileType = sourcecode.c.objc; path = main.m; sourceTree = "<group>"; };
		84D782CE191B5D15004D008A /* TimeToLearn-Prefix.pch */ = {isa = PBXFileReference; lastKnownFileType = sourcecode.c.h; path = "TimeToLearn-Prefix.pch"; sourceTree = "<group>"; };
		84D782CF191B5D15004D008A /* AppDelegate.h */ = {isa = PBXFileReference; lastKnownFileType = sourcecode.c.h; path = AppDelegate.h; sourceTree = "<group>"; };
		84D782D0191B5D15004D008A /* AppDelegate.m */ = {isa = PBXFileReference; lastKnownFileType = sourcecode.c.objc; path = AppDelegate.m; sourceTree = "<group>"; };
		84D782D3191B5D15004D008A /* Base */ = {isa = PBXFileReference; lastKnownFileType = file.storyboard; name = Base; path = Base.lproj/Main.storyboard; sourceTree = "<group>"; };
		84D782D8191B5D15004D008A /* Images.xcassets */ = {isa = PBXFileReference; lastKnownFileType = folder.assetcatalog; path = Images.xcassets; sourceTree = "<group>"; };
		84D782DE191B5D15004D008A /* TimeToLearnTests.xctest */ = {isa = PBXFileReference; explicitFileType = wrapper.cfbundle; includeInIndex = 0; path = TimeToLearnTests.xctest; sourceTree = BUILT_PRODUCTS_DIR; };
		84D782DF191B5D15004D008A /* XCTest.framework */ = {isa = PBXFileReference; lastKnownFileType = wrapper.framework; name = XCTest.framework; path = Library/Frameworks/XCTest.framework; sourceTree = DEVELOPER_DIR; };
		84D782E7191B5D15004D008A /* TimeToLearnTests-Info.plist */ = {isa = PBXFileReference; lastKnownFileType = text.plist.xml; path = "TimeToLearnTests-Info.plist"; sourceTree = "<group>"; };
		84D782E9191B5D15004D008A /* en */ = {isa = PBXFileReference; lastKnownFileType = text.plist.strings; name = en; path = en.lproj/InfoPlist.strings; sourceTree = "<group>"; };
		84D782EB191B5D15004D008A /* TimeToLearnTests.m */ = {isa = PBXFileReference; lastKnownFileType = sourcecode.c.objc; path = TimeToLearnTests.m; sourceTree = "<group>"; };
		84D782F5191B5F59004D008A /* LoginScreen.h */ = {isa = PBXFileReference; fileEncoding = 4; lastKnownFileType = sourcecode.c.h; path = LoginScreen.h; sourceTree = "<group>"; };
		84D782F6191B5F59004D008A /* LoginScreen.m */ = {isa = PBXFileReference; fileEncoding = 4; lastKnownFileType = sourcecode.c.objc; path = LoginScreen.m; sourceTree = "<group>"; };
		84D782FB191B5FC3004D008A /* CourseScreen.h */ = {isa = PBXFileReference; fileEncoding = 4; lastKnownFileType = sourcecode.c.h; path = CourseScreen.h; sourceTree = "<group>"; };
		84D782FC191B5FC3004D008A /* CourseScreen.m */ = {isa = PBXFileReference; fileEncoding = 4; lastKnownFileType = sourcecode.c.objc; path = CourseScreen.m; sourceTree = "<group>"; };
		84D78301191B601E004D008A /* QuestionScreen.h */ = {isa = PBXFileReference; fileEncoding = 4; lastKnownFileType = sourcecode.c.h; path = QuestionScreen.h; sourceTree = "<group>"; };
		84D78302191B601E004D008A /* QuestionScreen.m */ = {isa = PBXFileReference; fileEncoding = 4; lastKnownFileType = sourcecode.c.objc; path = QuestionScreen.m; sourceTree = "<group>"; };
		84D78304191B6031004D008A /* AnswerScreen.h */ = {isa = PBXFileReference; fileEncoding = 4; lastKnownFileType = sourcecode.c.h; path = AnswerScreen.h; sourceTree = "<group>"; };
		84D78305191B6031004D008A /* AnswerScreen.m */ = {isa = PBXFileReference; fileEncoding = 4; lastKnownFileType = sourcecode.c.objc; path = AnswerScreen.m; sourceTree = "<group>"; };
		84DEDDB0191B8615000ABCF1 /* CourseInformationScreen.h */ = {isa = PBXFileReference; fileEncoding = 4; lastKnownFileType = sourcecode.c.h; path = CourseInformationScreen.h; sourceTree = "<group>"; };
		84DEDDB1191B8615000ABCF1 /* CourseInformationScreen.m */ = {isa = PBXFileReference; fileEncoding = 4; lastKnownFileType = sourcecode.c.objc; path = CourseInformationScreen.m; sourceTree = "<group>"; };
		84E17FF41924B9F1001E13FB /* Bericht.h */ = {isa = PBXFileReference; fileEncoding = 4; lastKnownFileType = sourcecode.c.h; path = Bericht.h; sourceTree = "<group>"; };
		84E17FF51924B9F1001E13FB /* Bericht.m */ = {isa = PBXFileReference; fileEncoding = 4; lastKnownFileType = sourcecode.c.objc; path = Bericht.m; sourceTree = "<group>"; };
		84E17FF61924B9F1001E13FB /* Cursus.h */ = {isa = PBXFileReference; fileEncoding = 4; lastKnownFileType = sourcecode.c.h; path = Cursus.h; sourceTree = "<group>"; };
		84E17FF71924B9F1001E13FB /* Cursus.m */ = {isa = PBXFileReference; fileEncoding = 4; lastKnownFileType = sourcecode.c.objc; path = Cursus.m; sourceTree = "<group>"; };
		84E17FF81924B9F1001E13FB /* Vraag.h */ = {isa = PBXFileReference; fileEncoding = 4; lastKnownFileType = sourcecode.c.h; path = Vraag.h; sourceTree = "<group>"; };
		84E17FF91924B9F1001E13FB /* Vraag.m */ = {isa = PBXFileReference; fileEncoding = 4; lastKnownFileType = sourcecode.c.objc; path = Vraag.m; sourceTree = "<group>"; };
		84E17FFA1924B9F1001E13FB /* VraagOptie.h */ = {isa = PBXFileReference; fileEncoding = 4; lastKnownFileType = sourcecode.c.h; path = VraagOptie.h; sourceTree = "<group>"; };
		84E17FFB1924B9F1001E13FB /* VraagOptie.m */ = {isa = PBXFileReference; fileEncoding = 4; lastKnownFileType = sourcecode.c.objc; path = VraagOptie.m; sourceTree = "<group>"; };
		84E180001924BA0F001E13FB /* Gebruiker.h */ = {isa = PBXFileReference; fileEncoding = 4; lastKnownFileType = sourcecode.c.h; path = Gebruiker.h; sourceTree = "<group>"; };
		84E180011924BA0F001E13FB /* Gebruiker.m */ = {isa = PBXFileReference; fileEncoding = 4; lastKnownFileType = sourcecode.c.objc; path = Gebruiker.m; sourceTree = "<group>"; };
		84E180051924C4B7001E13FB /* AFHTTPRequestOperation.h */ = {isa = PBXFileReference; fileEncoding = 4; lastKnownFileType = sourcecode.c.h; path = AFHTTPRequestOperation.h; sourceTree = "<group>"; };
		84E180061924C4B7001E13FB /* AFHTTPRequestOperation.m */ = {isa = PBXFileReference; fileEncoding = 4; lastKnownFileType = sourcecode.c.objc; path = AFHTTPRequestOperation.m; sourceTree = "<group>"; };
		84E180071924C4B7001E13FB /* AFHTTPRequestOperationManager.h */ = {isa = PBXFileReference; fileEncoding = 4; lastKnownFileType = sourcecode.c.h; path = AFHTTPRequestOperationManager.h; sourceTree = "<group>"; };
		84E180081924C4B7001E13FB /* AFHTTPRequestOperationManager.m */ = {isa = PBXFileReference; fileEncoding = 4; lastKnownFileType = sourcecode.c.objc; path = AFHTTPRequestOperationManager.m; sourceTree = "<group>"; };
		84E180091924C4B7001E13FB /* AFHTTPSessionManager.h */ = {isa = PBXFileReference; fileEncoding = 4; lastKnownFileType = sourcecode.c.h; path = AFHTTPSessionManager.h; sourceTree = "<group>"; };
		84E1800A1924C4B7001E13FB /* AFHTTPSessionManager.m */ = {isa = PBXFileReference; fileEncoding = 4; lastKnownFileType = sourcecode.c.objc; path = AFHTTPSessionManager.m; sourceTree = "<group>"; };
		84E1800B1924C4B7001E13FB /* AFNetworking.h */ = {isa = PBXFileReference; fileEncoding = 4; lastKnownFileType = sourcecode.c.h; path = AFNetworking.h; sourceTree = "<group>"; };
		84E1800C1924C4B7001E13FB /* AFNetworkReachabilityManager.h */ = {isa = PBXFileReference; fileEncoding = 4; lastKnownFileType = sourcecode.c.h; path = AFNetworkReachabilityManager.h; sourceTree = "<group>"; };
		84E1800D1924C4B7001E13FB /* AFNetworkReachabilityManager.m */ = {isa = PBXFileReference; fileEncoding = 4; lastKnownFileType = sourcecode.c.objc; path = AFNetworkReachabilityManager.m; sourceTree = "<group>"; };
		84E1800E1924C4B7001E13FB /* AFSecurityPolicy.h */ = {isa = PBXFileReference; fileEncoding = 4; lastKnownFileType = sourcecode.c.h; path = AFSecurityPolicy.h; sourceTree = "<group>"; };
		84E1800F1924C4B7001E13FB /* AFSecurityPolicy.m */ = {isa = PBXFileReference; fileEncoding = 4; lastKnownFileType = sourcecode.c.objc; path = AFSecurityPolicy.m; sourceTree = "<group>"; };
		84E180101924C4B7001E13FB /* AFURLConnectionOperation.h */ = {isa = PBXFileReference; fileEncoding = 4; lastKnownFileType = sourcecode.c.h; path = AFURLConnectionOperation.h; sourceTree = "<group>"; };
		84E180111924C4B7001E13FB /* AFURLConnectionOperation.m */ = {isa = PBXFileReference; fileEncoding = 4; lastKnownFileType = sourcecode.c.objc; path = AFURLConnectionOperation.m; sourceTree = "<group>"; };
		84E180121924C4B7001E13FB /* AFURLRequestSerialization.h */ = {isa = PBXFileReference; fileEncoding = 4; lastKnownFileType = sourcecode.c.h; path = AFURLRequestSerialization.h; sourceTree = "<group>"; };
		84E180131924C4B7001E13FB /* AFURLRequestSerialization.m */ = {isa = PBXFileReference; fileEncoding = 4; lastKnownFileType = sourcecode.c.objc; path = AFURLRequestSerialization.m; sourceTree = "<group>"; };
		84E180141924C4B7001E13FB /* AFURLResponseSerialization.h */ = {isa = PBXFileReference; fileEncoding = 4; lastKnownFileType = sourcecode.c.h; path = AFURLResponseSerialization.h; sourceTree = "<group>"; };
		84E180151924C4B7001E13FB /* AFURLResponseSerialization.m */ = {isa = PBXFileReference; fileEncoding = 4; lastKnownFileType = sourcecode.c.objc; path = AFURLResponseSerialization.m; sourceTree = "<group>"; };
		84E180161924C4B7001E13FB /* AFURLSessionManager.h */ = {isa = PBXFileReference; fileEncoding = 4; lastKnownFileType = sourcecode.c.h; path = AFURLSessionManager.h; sourceTree = "<group>"; };
		84E180171924C4B7001E13FB /* AFURLSessionManager.m */ = {isa = PBXFileReference; fileEncoding = 4; lastKnownFileType = sourcecode.c.objc; path = AFURLSessionManager.m; sourceTree = "<group>"; };
		84F2141C1924323500684158 /* CoursesOverview.h */ = {isa = PBXFileReference; fileEncoding = 4; lastKnownFileType = sourcecode.c.h; path = CoursesOverview.h; sourceTree = "<group>"; };
		84F2141D1924323500684158 /* CoursesOverview.m */ = {isa = PBXFileReference; fileEncoding = 4; lastKnownFileType = sourcecode.c.objc; path = CoursesOverview.m; sourceTree = "<group>"; };
		F566AFBE1924D1E3002EF722 /* NotificationScreen.h */ = {isa = PBXFileReference; fileEncoding = 4; lastKnownFileType = sourcecode.c.h; path = NotificationScreen.h; sourceTree = "<group>"; };
		F566AFBF1924D1E3002EF722 /* NotificationScreen.m */ = {isa = PBXFileReference; fileEncoding = 4; lastKnownFileType = sourcecode.c.objc; path = NotificationScreen.m; sourceTree = "<group>"; };
/* End PBXFileReference section */

/* Begin PBXFrameworksBuildPhase section */
		84D782BA191B5D15004D008A /* Frameworks */ = {
			isa = PBXFrameworksBuildPhase;
			buildActionMask = 2147483647;
			files = (
				84D782C3191B5D15004D008A /* CoreGraphics.framework in Frameworks */,
				84D782C5191B5D15004D008A /* UIKit.framework in Frameworks */,
				84D782C1191B5D15004D008A /* Foundation.framework in Frameworks */,
			);
			runOnlyForDeploymentPostprocessing = 0;
		};
		84D782DB191B5D15004D008A /* Frameworks */ = {
			isa = PBXFrameworksBuildPhase;
			buildActionMask = 2147483647;
			files = (
				84D782E0191B5D15004D008A /* XCTest.framework in Frameworks */,
				84D782E2191B5D15004D008A /* UIKit.framework in Frameworks */,
				84D782E1191B5D15004D008A /* Foundation.framework in Frameworks */,
			);
			runOnlyForDeploymentPostprocessing = 0;
		};
/* End PBXFrameworksBuildPhase section */

/* Begin PBXGroup section */
		84C52DB1192461680092C288 /* Pics */ = {
			isa = PBXGroup;
			children = (
				84C52DB21924618F0092C288 /* customer@2x.png */,
				84C52DB31924618F0092C288 /* doge@2x.png */,
				84C52DB41924618F0092C288 /* management@2x.png */,
				84C52DB51924618F0092C288 /* omdenken@2x.png */,
				84C52DB61924618F0092C288 /* powerpoint@2x.png */,
				84C52DB71924618F0092C288 /* selling@2x.png */,
				84C52DB81924618F0092C288 /* telefoneren@2x.png */,
			);
			name = Pics;
			sourceTree = "<group>";
		};
		84D782B4191B5D15004D008A = {
			isa = PBXGroup;
			children = (
				84D782C6191B5D15004D008A /* TimeToLearn */,
				84D782E5191B5D15004D008A /* TimeToLearnTests */,
				84D782BF191B5D15004D008A /* Frameworks */,
				84D782BE191B5D15004D008A /* Products */,
			);
			sourceTree = "<group>";
		};
		84D782BE191B5D15004D008A /* Products */ = {
			isa = PBXGroup;
			children = (
				84D782BD191B5D15004D008A /* TimeToLearn.app */,
				84D782DE191B5D15004D008A /* TimeToLearnTests.xctest */,
			);
			name = Products;
			sourceTree = "<group>";
		};
		84D782BF191B5D15004D008A /* Frameworks */ = {
			isa = PBXGroup;
			children = (
				84D782C0191B5D15004D008A /* Foundation.framework */,
				84D782C2191B5D15004D008A /* CoreGraphics.framework */,
				84D782C4191B5D15004D008A /* UIKit.framework */,
				84D782DF191B5D15004D008A /* XCTest.framework */,
			);
			name = Frameworks;
			sourceTree = "<group>";
		};
		84D782C6191B5D15004D008A /* TimeToLearn */ = {
			isa = PBXGroup;
			children = (
				84E180041924C4B7001E13FB /* AFNetworking */,
				84E17FF31924B87B001E13FB /* Classes */,
				84C52DB1192461680092C288 /* Pics */,
				84D782CF191B5D15004D008A /* AppDelegate.h */,
				84D782D0191B5D15004D008A /* AppDelegate.m */,
				84D782D2191B5D15004D008A /* Main.storyboard */,
				84D782D8191B5D15004D008A /* Images.xcassets */,
				84D782C7191B5D15004D008A /* Supporting Files */,
				84D782F5191B5F59004D008A /* LoginScreen.h */,
				84D782F6191B5F59004D008A /* LoginScreen.m */,
				84D782FB191B5FC3004D008A /* CourseScreen.h */,
				84D782FC191B5FC3004D008A /* CourseScreen.m */,
				84D78301191B601E004D008A /* QuestionScreen.h */,
				84D78302191B601E004D008A /* QuestionScreen.m */,
				84D78304191B6031004D008A /* AnswerScreen.h */,
				84D78305191B6031004D008A /* AnswerScreen.m */,
				84DEDDB0191B8615000ABCF1 /* CourseInformationScreen.h */,
				84DEDDB1191B8615000ABCF1 /* CourseInformationScreen.m */,
				84AA520A191B896400602164 /* CourseChoiceScreen.h */,
				84AA520B191B896400602164 /* CourseChoiceScreen.m */,
				84AA520D191B8A0400602164 /* VideoScreen.h */,
				84AA520E191B8A0400602164 /* VideoScreen.m */,
				84AA5210191B8A1000602164 /* MagazineScreen.h */,
				84AA5211191B8A1000602164 /* MagazineScreen.m */,
				844ECC72191B8EC300C34CA4 /* QuizzesOverview.h */,
				844ECC73191B8EC300C34CA4 /* QuizzesOverview.m */,
				844ECC75191B903300C34CA4 /* DiscussionsOverview.h */,
				844ECC76191B903300C34CA4 /* DiscussionsOverview.m */,
				844ECC78191B91A600C34CA4 /* DiscussionScreen.h */,
				844ECC79191B91A600C34CA4 /* DiscussionScreen.m */,
				84F2141C1924323500684158 /* CoursesOverview.h */,
				84F2141D1924323500684158 /* CoursesOverview.m */,
				84C7DBC719243F440036690C /* CoursesOverviewTableViewCell.h */,
				84C7DBC819243F440036690C /* CoursesOverviewTableViewCell.m */,
				8461F8981924C90A00884C2F /* TopNavigationController.h */,
				8461F8991924C90A00884C2F /* TopNavigationController.m */,
				F566AFBE1924D1E3002EF722 /* NotificationScreen.h */,
				F566AFBF1924D1E3002EF722 /* NotificationScreen.m */,
			);
			path = TimeToLearn;
			sourceTree = "<group>";
		};
		84D782C7191B5D15004D008A /* Supporting Files */ = {
			isa = PBXGroup;
			children = (
				84D782C8191B5D15004D008A /* TimeToLearn-Info.plist */,
				84D782C9191B5D15004D008A /* InfoPlist.strings */,
				84D782CC191B5D15004D008A /* main.m */,
				84D782CE191B5D15004D008A /* TimeToLearn-Prefix.pch */,
			);
			name = "Supporting Files";
			sourceTree = "<group>";
		};
		84D782E5191B5D15004D008A /* TimeToLearnTests */ = {
			isa = PBXGroup;
			children = (
				84D782EB191B5D15004D008A /* TimeToLearnTests.m */,
				84D782E6191B5D15004D008A /* Supporting Files */,
			);
			path = TimeToLearnTests;
			sourceTree = "<group>";
		};
		84D782E6191B5D15004D008A /* Supporting Files */ = {
			isa = PBXGroup;
			children = (
				84D782E7191B5D15004D008A /* TimeToLearnTests-Info.plist */,
				84D782E8191B5D15004D008A /* InfoPlist.strings */,
			);
			name = "Supporting Files";
			sourceTree = "<group>";
		};
		84E17FF31924B87B001E13FB /* Classes */ = {
			isa = PBXGroup;
			children = (
				84E180001924BA0F001E13FB /* Gebruiker.h */,
				84E180011924BA0F001E13FB /* Gebruiker.m */,
				84E17FF41924B9F1001E13FB /* Bericht.h */,
				84E17FF51924B9F1001E13FB /* Bericht.m */,
				84E17FF61924B9F1001E13FB /* Cursus.h */,
				84E17FF71924B9F1001E13FB /* Cursus.m */,
				84E17FF81924B9F1001E13FB /* Vraag.h */,
				84E17FF91924B9F1001E13FB /* Vraag.m */,
				84E17FFA1924B9F1001E13FB /* VraagOptie.h */,
				84E17FFB1924B9F1001E13FB /* VraagOptie.m */,
				8452E99319269F050078E399 /* Objects.h */,
			);
			name = Classes;
			sourceTree = "<group>";
		};
		84E180041924C4B7001E13FB /* AFNetworking */ = {
			isa = PBXGroup;
			children = (
				84E180051924C4B7001E13FB /* AFHTTPRequestOperation.h */,
				84E180061924C4B7001E13FB /* AFHTTPRequestOperation.m */,
				84E180071924C4B7001E13FB /* AFHTTPRequestOperationManager.h */,
				84E180081924C4B7001E13FB /* AFHTTPRequestOperationManager.m */,
				84E180091924C4B7001E13FB /* AFHTTPSessionManager.h */,
				84E1800A1924C4B7001E13FB /* AFHTTPSessionManager.m */,
				84E1800B1924C4B7001E13FB /* AFNetworking.h */,
				84E1800C1924C4B7001E13FB /* AFNetworkReachabilityManager.h */,
				84E1800D1924C4B7001E13FB /* AFNetworkReachabilityManager.m */,
				84E1800E1924C4B7001E13FB /* AFSecurityPolicy.h */,
				84E1800F1924C4B7001E13FB /* AFSecurityPolicy.m */,
				84E180101924C4B7001E13FB /* AFURLConnectionOperation.h */,
				84E180111924C4B7001E13FB /* AFURLConnectionOperation.m */,
				84E180121924C4B7001E13FB /* AFURLRequestSerialization.h */,
				84E180131924C4B7001E13FB /* AFURLRequestSerialization.m */,
				84E180141924C4B7001E13FB /* AFURLResponseSerialization.h */,
				84E180151924C4B7001E13FB /* AFURLResponseSerialization.m */,
				84E180161924C4B7001E13FB /* AFURLSessionManager.h */,
				84E180171924C4B7001E13FB /* AFURLSessionManager.m */,
			);
			path = AFNetworking;
			sourceTree = "<group>";
		};
/* End PBXGroup section */

/* Begin PBXNativeTarget section */
		84D782BC191B5D15004D008A /* TimeToLearn */ = {
			isa = PBXNativeTarget;
			buildConfigurationList = 84D782EF191B5D15004D008A /* Build configuration list for PBXNativeTarget "TimeToLearn" */;
			buildPhases = (
				84D782B9191B5D15004D008A /* Sources */,
				84D782BA191B5D15004D008A /* Frameworks */,
				84D782BB191B5D15004D008A /* Resources */,
			);
			buildRules = (
			);
			dependencies = (
			);
			name = TimeToLearn;
			productName = TimeToLearn;
			productReference = 84D782BD191B5D15004D008A /* TimeToLearn.app */;
			productType = "com.apple.product-type.application";
		};
		84D782DD191B5D15004D008A /* TimeToLearnTests */ = {
			isa = PBXNativeTarget;
			buildConfigurationList = 84D782F2191B5D15004D008A /* Build configuration list for PBXNativeTarget "TimeToLearnTests" */;
			buildPhases = (
				84D782DA191B5D15004D008A /* Sources */,
				84D782DB191B5D15004D008A /* Frameworks */,
				84D782DC191B5D15004D008A /* Resources */,
			);
			buildRules = (
			);
			dependencies = (
				84D782E4191B5D15004D008A /* PBXTargetDependency */,
			);
			name = TimeToLearnTests;
			productName = TimeToLearnTests;
			productReference = 84D782DE191B5D15004D008A /* TimeToLearnTests.xctest */;
			productType = "com.apple.product-type.bundle.unit-test";
		};
/* End PBXNativeTarget section */

/* Begin PBXProject section */
		84D782B5191B5D15004D008A /* Project object */ = {
			isa = PBXProject;
			attributes = {
				LastUpgradeCheck = 0510;
				ORGANIZATIONNAME = TIS;
				TargetAttributes = {
					84D782BC191B5D15004D008A = {
						DevelopmentTeam = CU3Z5M9BXQ;
					};
					84D782DD191B5D15004D008A = {
						TestTargetID = 84D782BC191B5D15004D008A;
					};
				};
			};
			buildConfigurationList = 84D782B8191B5D15004D008A /* Build configuration list for PBXProject "TimeToLearn" */;
			compatibilityVersion = "Xcode 3.2";
			developmentRegion = English;
			hasScannedForEncodings = 0;
			knownRegions = (
				en,
				Base,
			);
			mainGroup = 84D782B4191B5D15004D008A;
			productRefGroup = 84D782BE191B5D15004D008A /* Products */;
			projectDirPath = "";
			projectRoot = "";
			targets = (
				84D782BC191B5D15004D008A /* TimeToLearn */,
				84D782DD191B5D15004D008A /* TimeToLearnTests */,
			);
		};
/* End PBXProject section */

/* Begin PBXResourcesBuildPhase section */
		84D782BB191B5D15004D008A /* Resources */ = {
			isa = PBXResourcesBuildPhase;
			buildActionMask = 2147483647;
			files = (
				84D782D9191B5D15004D008A /* Images.xcassets in Resources */,
				84C52DBC1924618F0092C288 /* omdenken@2x.png in Resources */,
				84D782CB191B5D15004D008A /* InfoPlist.strings in Resources */,
				84C52DBA1924618F0092C288 /* doge@2x.png in Resources */,
				84C52DBB1924618F0092C288 /* management@2x.png in Resources */,
				84C52DBD1924618F0092C288 /* powerpoint@2x.png in Resources */,
				84C52DBF1924618F0092C288 /* telefoneren@2x.png in Resources */,
				84C52DB91924618F0092C288 /* customer@2x.png in Resources */,
				84C52DBE1924618F0092C288 /* selling@2x.png in Resources */,
				84D782D4191B5D15004D008A /* Main.storyboard in Resources */,
			);
			runOnlyForDeploymentPostprocessing = 0;
		};
		84D782DC191B5D15004D008A /* Resources */ = {
			isa = PBXResourcesBuildPhase;
			buildActionMask = 2147483647;
			files = (
				84D782EA191B5D15004D008A /* InfoPlist.strings in Resources */,
			);
			runOnlyForDeploymentPostprocessing = 0;
		};
/* End PBXResourcesBuildPhase section */

/* Begin PBXSourcesBuildPhase section */
		84D782B9191B5D15004D008A /* Sources */ = {
			isa = PBXSourcesBuildPhase;
			buildActionMask = 2147483647;
			files = (
				84E1801D1924C4B7001E13FB /* AFURLConnectionOperation.m in Sources */,
				844ECC7A191B91A600C34CA4 /* DiscussionScreen.m in Sources */,
				84E180181924C4B7001E13FB /* AFHTTPRequestOperation.m in Sources */,
				F566AFC01924D1E3002EF722 /* NotificationScreen.m in Sources */,
				84E1801F1924C4B7001E13FB /* AFURLResponseSerialization.m in Sources */,
				84D78306191B6031004D008A /* AnswerScreen.m in Sources */,
				84E17FFD1924B9F1001E13FB /* Cursus.m in Sources */,
				84E180021924BA0F001E13FB /* Gebruiker.m in Sources */,
				84D78303191B601E004D008A /* QuestionScreen.m in Sources */,
				84AA5212191B8A1000602164 /* MagazineScreen.m in Sources */,
				84DEDDB2191B8615000ABCF1 /* CourseInformationScreen.m in Sources */,
				84E17FFE1924B9F1001E13FB /* Vraag.m in Sources */,
				84E1801C1924C4B7001E13FB /* AFSecurityPolicy.m in Sources */,
				84E180201924C4B7001E13FB /* AFURLSessionManager.m in Sources */,
				84D782FD191B5FC3004D008A /* CourseScreen.m in Sources */,
				84E17FFC1924B9F1001E13FB /* Bericht.m in Sources */,
				84E1801A1924C4B7001E13FB /* AFHTTPSessionManager.m in Sources */,
				84F2141E1924323500684158 /* CoursesOverview.m in Sources */,
				84E1801B1924C4B7001E13FB /* AFNetworkReachabilityManager.m in Sources */,
				84D782F7191B5F59004D008A /* LoginScreen.m in Sources */,
				84E180191924C4B7001E13FB /* AFHTTPRequestOperationManager.m in Sources */,
				84E1801E1924C4B7001E13FB /* AFURLRequestSerialization.m in Sources */,
				84AA520F191B8A0400602164 /* VideoScreen.m in Sources */,
				84D782D1191B5D15004D008A /* AppDelegate.m in Sources */,
				84D782CD191B5D15004D008A /* main.m in Sources */,
				84C7DBC919243F440036690C /* CoursesOverviewTableViewCell.m in Sources */,
				8461F89A1924C90A00884C2F /* TopNavigationController.m in Sources */,
				844ECC74191B8EC300C34CA4 /* QuizzesOverview.m in Sources */,
				844ECC77191B903300C34CA4 /* DiscussionsOverview.m in Sources */,
				84E17FFF1924B9F1001E13FB /* VraagOptie.m in Sources */,
				84AA520C191B896400602164 /* CourseChoiceScreen.m in Sources */,
			);
			runOnlyForDeploymentPostprocessing = 0;
		};
		84D782DA191B5D15004D008A /* Sources */ = {
			isa = PBXSourcesBuildPhase;
			buildActionMask = 2147483647;
			files = (
				84D782EC191B5D15004D008A /* TimeToLearnTests.m in Sources */,
			);
			runOnlyForDeploymentPostprocessing = 0;
		};
/* End PBXSourcesBuildPhase section */

/* Begin PBXTargetDependency section */
		84D782E4191B5D15004D008A /* PBXTargetDependency */ = {
			isa = PBXTargetDependency;
			target = 84D782BC191B5D15004D008A /* TimeToLearn */;
			targetProxy = 84D782E3191B5D15004D008A /* PBXContainerItemProxy */;
		};
/* End PBXTargetDependency section */

/* Begin PBXVariantGroup section */
		84D782C9191B5D15004D008A /* InfoPlist.strings */ = {
			isa = PBXVariantGroup;
			children = (
				84D782CA191B5D15004D008A /* en */,
			);
			name = InfoPlist.strings;
			sourceTree = "<group>";
		};
		84D782D2191B5D15004D008A /* Main.storyboard */ = {
			isa = PBXVariantGroup;
			children = (
				84D782D3191B5D15004D008A /* Base */,
			);
			name = Main.storyboard;
			sourceTree = "<group>";
		};
		84D782E8191B5D15004D008A /* InfoPlist.strings */ = {
			isa = PBXVariantGroup;
			children = (
				84D782E9191B5D15004D008A /* en */,
			);
			name = InfoPlist.strings;
			sourceTree = "<group>";
		};
/* End PBXVariantGroup section */

/* Begin XCBuildConfiguration section */
		84D782ED191B5D15004D008A /* Debug */ = {
			isa = XCBuildConfiguration;
			buildSettings = {
				ALWAYS_SEARCH_USER_PATHS = NO;
				CLANG_CXX_LANGUAGE_STANDARD = "gnu++0x";
				CLANG_CXX_LIBRARY = "libc++";
				CLANG_ENABLE_MODULES = YES;
				CLANG_ENABLE_OBJC_ARC = YES;
				CLANG_WARN_BOOL_CONVERSION = YES;
				CLANG_WARN_CONSTANT_CONVERSION = YES;
				CLANG_WARN_DIRECT_OBJC_ISA_USAGE = YES_ERROR;
				CLANG_WARN_EMPTY_BODY = YES;
				CLANG_WARN_ENUM_CONVERSION = YES;
				CLANG_WARN_INT_CONVERSION = YES;
				CLANG_WARN_OBJC_ROOT_CLASS = YES_ERROR;
				CLANG_WARN__DUPLICATE_METHOD_MATCH = YES;
				"CODE_SIGN_IDENTITY[sdk=iphoneos*]" = "iPhone Developer";
				COPY_PHASE_STRIP = NO;
				GCC_C_LANGUAGE_STANDARD = gnu99;
				GCC_DYNAMIC_NO_PIC = NO;
				GCC_OPTIMIZATION_LEVEL = 0;
				GCC_PREPROCESSOR_DEFINITIONS = (
					"DEBUG=1",
					"$(inherited)",
				);
				GCC_SYMBOLS_PRIVATE_EXTERN = NO;
				GCC_WARN_64_TO_32_BIT_CONVERSION = YES;
				GCC_WARN_ABOUT_RETURN_TYPE = YES_ERROR;
				GCC_WARN_UNDECLARED_SELECTOR = YES;
				GCC_WARN_UNINITIALIZED_AUTOS = YES_AGGRESSIVE;
				GCC_WARN_UNUSED_FUNCTION = YES;
				GCC_WARN_UNUSED_VARIABLE = YES;
				IPHONEOS_DEPLOYMENT_TARGET = 7.1;
				ONLY_ACTIVE_ARCH = YES;
				SDKROOT = iphoneos;
			};
			name = Debug;
		};
		84D782EE191B5D15004D008A /* Release */ = {
			isa = XCBuildConfiguration;
			buildSettings = {
				ALWAYS_SEARCH_USER_PATHS = NO;
				CLANG_CXX_LANGUAGE_STANDARD = "gnu++0x";
				CLANG_CXX_LIBRARY = "libc++";
				CLANG_ENABLE_MODULES = YES;
				CLANG_ENABLE_OBJC_ARC = YES;
				CLANG_WARN_BOOL_CONVERSION = YES;
				CLANG_WARN_CONSTANT_CONVERSION = YES;
				CLANG_WARN_DIRECT_OBJC_ISA_USAGE = YES_ERROR;
				CLANG_WARN_EMPTY_BODY = YES;
				CLANG_WARN_ENUM_CONVERSION = YES;
				CLANG_WARN_INT_CONVERSION = YES;
				CLANG_WARN_OBJC_ROOT_CLASS = YES_ERROR;
				CLANG_WARN__DUPLICATE_METHOD_MATCH = YES;
				"CODE_SIGN_IDENTITY[sdk=iphoneos*]" = "iPhone Developer";
				COPY_PHASE_STRIP = YES;
				ENABLE_NS_ASSERTIONS = NO;
				GCC_C_LANGUAGE_STANDARD = gnu99;
				GCC_WARN_64_TO_32_BIT_CONVERSION = YES;
				GCC_WARN_ABOUT_RETURN_TYPE = YES_ERROR;
				GCC_WARN_UNDECLARED_SELECTOR = YES;
				GCC_WARN_UNINITIALIZED_AUTOS = YES_AGGRESSIVE;
				GCC_WARN_UNUSED_FUNCTION = YES;
				GCC_WARN_UNUSED_VARIABLE = YES;
				IPHONEOS_DEPLOYMENT_TARGET = 7.1;
				SDKROOT = iphoneos;
				VALIDATE_PRODUCT = YES;
			};
			name = Release;
		};
		84D782F0191B5D15004D008A /* Debug */ = {
			isa = XCBuildConfiguration;
			buildSettings = {
				ASSETCATALOG_COMPILER_APPICON_NAME = AppIcon;
				ASSETCATALOG_COMPILER_LAUNCHIMAGE_NAME = LaunchImage;
				CODE_SIGN_IDENTITY = "iPhone Developer";
				"CODE_SIGN_IDENTITY[sdk=iphoneos*]" = "iPhone Developer";
				GCC_PRECOMPILE_PREFIX_HEADER = YES;
				GCC_PREFIX_HEADER = "TimeToLearn/TimeToLearn-Prefix.pch";
				INFOPLIST_FILE = "TimeToLearn/TimeToLearn-Info.plist";
				IPHONEOS_DEPLOYMENT_TARGET = 7.0;
				PRODUCT_NAME = "$(TARGET_NAME)";
				PROVISIONING_PROFILE = "";
				TARGETED_DEVICE_FAMILY = 1;
				WRAPPER_EXTENSION = app;
			};
			name = Debug;
		};
		84D782F1191B5D15004D008A /* Release */ = {
			isa = XCBuildConfiguration;
			buildSettings = {
				ASSETCATALOG_COMPILER_APPICON_NAME = AppIcon;
				ASSETCATALOG_COMPILER_LAUNCHIMAGE_NAME = LaunchImage;
				CODE_SIGN_IDENTITY = "iPhone Developer";
				"CODE_SIGN_IDENTITY[sdk=iphoneos*]" = "iPhone Developer";
				GCC_PRECOMPILE_PREFIX_HEADER = YES;
				GCC_PREFIX_HEADER = "TimeToLearn/TimeToLearn-Prefix.pch";
				INFOPLIST_FILE = "TimeToLearn/TimeToLearn-Info.plist";
				IPHONEOS_DEPLOYMENT_TARGET = 7.0;
				PRODUCT_NAME = "$(TARGET_NAME)";
				PROVISIONING_PROFILE = "";
				TARGETED_DEVICE_FAMILY = 1;
				WRAPPER_EXTENSION = app;
			};
			name = Release;
		};
		84D782F3191B5D15004D008A /* Debug */ = {
			isa = XCBuildConfiguration;
			buildSettings = {
				BUNDLE_LOADER = "$(BUILT_PRODUCTS_DIR)/TimeToLearn.app/TimeToLearn";
				FRAMEWORK_SEARCH_PATHS = (
					"$(SDKROOT)/Developer/Library/Frameworks",
					"$(inherited)",
					"$(DEVELOPER_FRAMEWORKS_DIR)",
				);
				GCC_PRECOMPILE_PREFIX_HEADER = YES;
				GCC_PREFIX_HEADER = "TimeToLearn/TimeToLearn-Prefix.pch";
				GCC_PREPROCESSOR_DEFINITIONS = (
					"DEBUG=1",
					"$(inherited)",
				);
				INFOPLIST_FILE = "TimeToLearnTests/TimeToLearnTests-Info.plist";
				PRODUCT_NAME = "$(TARGET_NAME)";
				TEST_HOST = "$(BUNDLE_LOADER)";
				WRAPPER_EXTENSION = xctest;
			};
			name = Debug;
		};
		84D782F4191B5D15004D008A /* Release */ = {
			isa = XCBuildConfiguration;
			buildSettings = {
				BUNDLE_LOADER = "$(BUILT_PRODUCTS_DIR)/TimeToLearn.app/TimeToLearn";
				FRAMEWORK_SEARCH_PATHS = (
					"$(SDKROOT)/Developer/Library/Frameworks",
					"$(inherited)",
					"$(DEVELOPER_FRAMEWORKS_DIR)",
				);
				GCC_PRECOMPILE_PREFIX_HEADER = YES;
				GCC_PREFIX_HEADER = "TimeToLearn/TimeToLearn-Prefix.pch";
				INFOPLIST_FILE = "TimeToLearnTests/TimeToLearnTests-Info.plist";
				PRODUCT_NAME = "$(TARGET_NAME)";
				TEST_HOST = "$(BUNDLE_LOADER)";
				WRAPPER_EXTENSION = xctest;
			};
			name = Release;
		};
/* End XCBuildConfiguration section */

/* Begin XCConfigurationList section */
		84D782B8191B5D15004D008A /* Build configuration list for PBXProject "TimeToLearn" */ = {
			isa = XCConfigurationList;
			buildConfigurations = (
				84D782ED191B5D15004D008A /* Debug */,
				84D782EE191B5D15004D008A /* Release */,
			);
			defaultConfigurationIsVisible = 0;
			defaultConfigurationName = Release;
		};
		84D782EF191B5D15004D008A /* Build configuration list for PBXNativeTarget "TimeToLearn" */ = {
			isa = XCConfigurationList;
			buildConfigurations = (
				84D782F0191B5D15004D008A /* Debug */,
				84D782F1191B5D15004D008A /* Release */,
			);
			defaultConfigurationIsVisible = 0;
			defaultConfigurationName = Release;
		};
		84D782F2191B5D15004D008A /* Build configuration list for PBXNativeTarget "TimeToLearnTests" */ = {
			isa = XCConfigurationList;
			buildConfigurations = (
				84D782F3191B5D15004D008A /* Debug */,
				84D782F4191B5D15004D008A /* Release */,
			);
			defaultConfigurationIsVisible = 0;
			defaultConfigurationName = Release;
		};
/* End XCConfigurationList section */
	};
	rootObject = 84D782B5191B5D15004D008A /* Project object */;
}
